<?xml version="1.0" encoding="utf-8"?>
<Project ToolsVersion="4.0" xmlns="http://schemas.microsoft.com/developer/msbuild/2003">
  <ItemGroup>
    <Filter Include="Source Files">
      <UniqueIdentifier>{4FC737F1-C7A5-4376-A066-2A32D752A2FF}</UniqueIdentifier>
      <Extensions>cpp;c;cc;cxx;def;odl;idl;hpj;bat;asm;asmx</Extensions>
    </Filter>
    <Filter Include="Header Files">
      <UniqueIdentifier>{93995380-89BD-4b04-88EB-625FBE52EBFB}</UniqueIdentifier>
      <Extensions>h;hh;hpp;hxx;hm;inl;inc;xsd</Extensions>
    </Filter>
    <Filter Include="Resource Files">
      <UniqueIdentifier>{67DA6AB6-F800-4c08-8B7A-83BB121AAD01}</UniqueIdentifier>
      <Extensions>rc;ico;cur;bmp;dlg;rc2;rct;bin;rgs;gif;jpg;jpeg;jpe;resx;tiff;tif;png;wav;mfcribbon-ms</Extensions>
    </Filter>
    <Filter Include="Header Files\Exceptions">
      <UniqueIdentifier>{ad029385-5590-4655-b8f2-f00005cccebf}</UniqueIdentifier>
    </Filter>
    <Filter Include="Source Files\Exceptions">
      <UniqueIdentifier>{91094b62-a5fd-4126-9f2e-f30393b78381}</UniqueIdentifier>
    </Filter>
  </ItemGroup>
  <ItemGroup>
    <ClInclude Include="MemoryStream.h">
      <Filter>Header Files</Filter>
    </ClInclude>
    <ClInclude Include="FileStream.h">
      <Filter>Header Files</Filter>
    </ClInclude>
    <ClInclude Include="Exception.h">
      <Filter>Header Files\Exceptions</Filter>
    </ClInclude>
    <ClInclude Include="BufferedStream.h">
      <Filter>Header Files</Filter>
    </ClInclude>
    <ClInclude Include="StreamWriter.h">
      <Filter>Header Files</Filter>
    </ClInclude>
    <ClInclude Include="IO.h">
      <Filter>Header Files</Filter>
    </ClInclude>
    <ClInclude Include="Buffer.h">
      <Filter>Header Files</Filter>
    </ClInclude>
    <ClInclude Include="BitReader.h">
      <Filter>Header Files</Filter>
    </ClInclude>
    <ClInclude Include="BitWriter.h">
      <Filter>Header Files</Filter>
    </ClInclude>
    <ClInclude Include="IStream.h">
      <Filter>Header Files</Filter>
    </ClInclude>
  </ItemGroup>
  <ItemGroup>
    <ClCompile Include="Exception.cc">
      <Filter>Source Files\Exceptions</Filter>
    </ClCompile>
    <ClCompile Include="BitReader.cc">
      <Filter>Source Files</Filter>
    </ClCompile>
    <ClCompile Include="BitWriter.cc">
      <Filter>Source Files</Filter>
    </ClCompile>
    <ClCompile Include="Buffer.cc">
      <Filter>Source Files</Filter>
    </ClCompile>
    <ClCompile Include="BufferedStream.cc">
      <Filter>Source Files</Filter>
    </ClCompile>
    <ClCompile Include="FileStream.cc">
      <Filter>Source Files</Filter>
    </ClCompile>
    <ClCompile Include="IO.cc">
      <Filter>Source Files</Filter>
    </ClCompile>
    <ClCompile Include="MemoryStream.cc">
      <Filter>Source Files</Filter>
    </ClCompile>
    <ClCompile Include="Stream.cc">
      <Filter>Source Files</Filter>
    </ClCompile>
  </ItemGroup>
</Project>